PODS:
  - audio_session (0.0.1):
    - Flutter
  - Flutter (1.0.0)
  - flutter_sound (9.16.3):
    - Flutter
    - flutter_sound_core (= 9.16.3)
  - flutter_sound_core (9.16.3)
  - just_audio (0.0.1):
    - Flutter
  - metronome (1.0.6):
    - Flutter
    - FlutterMacOS
  - path_provider_foundation (0.0.1):
    - Flutter
    - FlutterMacOS
  - permission_handler_apple (9.3.0):
    - Flutter

DEPENDENCIES:
  - audio_session (from `.symlinks/plugins/audio_session/ios`)
  - Flutter (from `Flutter`)
  - flutter_sound (from `.symlinks/plugins/flutter_sound/ios`)
  - just_audio (from `.symlinks/plugins/just_audio/ios`)
  - metronome (from `.symlinks/plugins/metronome/darwin`)
  - path_provider_foundation (from `.symlinks/plugins/path_provider_foundation/darwin`)
  - permission_handler_apple (from `.symlinks/plugins/permission_handler_apple/ios`)

SPEC REPOS:
  trunk:
    - flutter_sound_core

EXTERNAL SOURCES:
  audio_session:
    :path: ".symlinks/plugins/audio_session/ios"
  Flutter:
    :path: Flutter
  flutter_sound:
    :path: ".symlinks/plugins/flutter_sound/ios"
  just_audio:
    :path: ".symlinks/plugins/just_audio/ios"
  metronome:
    :path: ".symlinks/plugins/metronome/darwin"
  path_provider_foundation:
    :path: ".symlinks/plugins/path_provider_foundation/darwin"
  permission_handler_apple:
    :path: ".symlinks/plugins/permission_handler_apple/ios"

SPEC CHECKSUMS:
  audio_session: 088d2483ebd1dc43f51d253d4a1c517d9a2e7207
  Flutter: e0871f40cf51350855a761d2e70bf5af5b9b5de7
  flutter_sound: d9c7b35b2f19366439a74695d190d9a504a6b4fe
  flutter_sound_core: 2c5d7e93183845b53a776d99c4d6ebc2933ec495
  just_audio: baa7252489dbcf47a4c7cc9ca663e9661c99aafa
  metronome: 3bddfed82ec81b9243d29c4364b60c406a2179b1
  path_provider_foundation: 2b6b4c569c0fb62ec74538f866245ac84301af46
  permission_handler_apple: 9878588469a2b0d0fc1e048d9f43605f92e6cec2

PODFILE CHECKSUM: 4592f59e0cb2e6e233ebb52c7343255c7162b9de

COCOAPODS: 1.15.2
